
Microsoft Visual Studio Solution File, Format Version 12.00
Project("{FAE04EC0-301F-11D3-BF4B-00C04F79EFBC}") = "Blog.Domain", "src\Blog.Domain\Blog.Domain.csproj", "{D8D89CB0-9C0F-464E-B048-BB41B4B02111}"
EndProject
Project("{FAE04EC0-301F-11D3-BF4B-00C04F79EFBC}") = "Blog.Core", "src\Blog.Core\Blog.Core.csproj", "{F31F30D6-9667-4D11-8417-1AF8F0181282}"
EndProject
Project("{2150E333-8FDC-42A3-9474-1A3956D46DE8}") = "Core", "Core", "{9834388F-9329-4483-950F-12D0BB010385}"
EndProject
Project("{FAE04EC0-301F-11D3-BF4B-00C04F79EFBC}") = "Blog.Infrastructure", "src\Blog.Infrastructure\Blog.Infrastructure.csproj", "{783A7320-6290-43F6-AB10-37EE16740D5C}"
EndProject
Project("{FAE04EC0-301F-11D3-BF4B-00C04F79EFBC}") = "Blog.UnitTests", "tests\Blog.UnitTests\Blog.UnitTests.csproj", "{E93C20A6-ABE3-48EA-B81F-985F2F11859D}"
EndProject
Project("{2150E333-8FDC-42A3-9474-1A3956D46DE8}") = "Tests", "Tests", "{D0EBE388-1142-4D17-BD88-E6EFD6D54B2D}"
EndProject
Project("{2150E333-8FDC-42A3-9474-1A3956D46DE8}") = "Infrastrucure", "Infrastrucure", "{0BF2CB82-38AF-4529-B337-B98A4BFB625E}"
EndProject
Project("{FAE04EC0-301F-11D3-BF4B-00C04F79EFBC}") = "Blog.Api", "src\Blog.Api\Blog.Api.csproj", "{7CEE9C4B-E873-4615-B57A-7FD20CBB0786}"
EndProject
Project("{2150E333-8FDC-42A3-9474-1A3956D46DE8}") = "Api", "Api", "{49BA0C9B-5FB6-4C0B-AB9A-4405AD649D6D}"
EndProject
Global
	GlobalSection(SolutionConfigurationPlatforms) = preSolution
		Debug|Any CPU = Debug|Any CPU
		Release|Any CPU = Release|Any CPU
	EndGlobalSection
	GlobalSection(ProjectConfigurationPlatforms) = postSolution
		{D8D89CB0-9C0F-464E-B048-BB41B4B02111}.Debug|Any CPU.ActiveCfg = Debug|Any CPU
		{D8D89CB0-9C0F-464E-B048-BB41B4B02111}.Debug|Any CPU.Build.0 = Debug|Any CPU
		{D8D89CB0-9C0F-464E-B048-BB41B4B02111}.Release|Any CPU.ActiveCfg = Release|Any CPU
		{D8D89CB0-9C0F-464E-B048-BB41B4B02111}.Release|Any CPU.Build.0 = Release|Any CPU
		{F31F30D6-9667-4D11-8417-1AF8F0181282}.Debug|Any CPU.ActiveCfg = Debug|Any CPU
		{F31F30D6-9667-4D11-8417-1AF8F0181282}.Debug|Any CPU.Build.0 = Debug|Any CPU
		{F31F30D6-9667-4D11-8417-1AF8F0181282}.Release|Any CPU.ActiveCfg = Release|Any CPU
		{F31F30D6-9667-4D11-8417-1AF8F0181282}.Release|Any CPU.Build.0 = Release|Any CPU
		{783A7320-6290-43F6-AB10-37EE16740D5C}.Debug|Any CPU.ActiveCfg = Debug|Any CPU
		{783A7320-6290-43F6-AB10-37EE16740D5C}.Debug|Any CPU.Build.0 = Debug|Any CPU
		{783A7320-6290-43F6-AB10-37EE16740D5C}.Release|Any CPU.ActiveCfg = Release|Any CPU
		{783A7320-6290-43F6-AB10-37EE16740D5C}.Release|Any CPU.Build.0 = Release|Any CPU
		{E93C20A6-ABE3-48EA-B81F-985F2F11859D}.Debug|Any CPU.ActiveCfg = Debug|Any CPU
		{E93C20A6-ABE3-48EA-B81F-985F2F11859D}.Debug|Any CPU.Build.0 = Debug|Any CPU
		{E93C20A6-ABE3-48EA-B81F-985F2F11859D}.Release|Any CPU.ActiveCfg = Release|Any CPU
		{E93C20A6-ABE3-48EA-B81F-985F2F11859D}.Release|Any CPU.Build.0 = Release|Any CPU
		{7CEE9C4B-E873-4615-B57A-7FD20CBB0786}.Debug|Any CPU.ActiveCfg = Debug|Any CPU
		{7CEE9C4B-E873-4615-B57A-7FD20CBB0786}.Debug|Any CPU.Build.0 = Debug|Any CPU
		{7CEE9C4B-E873-4615-B57A-7FD20CBB0786}.Release|Any CPU.ActiveCfg = Release|Any CPU
		{7CEE9C4B-E873-4615-B57A-7FD20CBB0786}.Release|Any CPU.Build.0 = Release|Any CPU
	EndGlobalSection
	GlobalSection(NestedProjects) = preSolution
		{F31F30D6-9667-4D11-8417-1AF8F0181282} = {9834388F-9329-4483-950F-12D0BB010385}
		{D8D89CB0-9C0F-464E-B048-BB41B4B02111} = {9834388F-9329-4483-950F-12D0BB010385}
		{E93C20A6-ABE3-48EA-B81F-985F2F11859D} = {D0EBE388-1142-4D17-BD88-E6EFD6D54B2D}
		{783A7320-6290-43F6-AB10-37EE16740D5C} = {0BF2CB82-38AF-4529-B337-B98A4BFB625E}
		{7CEE9C4B-E873-4615-B57A-7FD20CBB0786} = {49BA0C9B-5FB6-4C0B-AB9A-4405AD649D6D}
	EndGlobalSection
EndGlobal
